
Microsoft Visual Studio Solution File, Format Version 12.00
# Visual Studio Version 16
VisualStudioVersion = 16.0.810.11
MinimumVisualStudioVersion = 10.0.40219.1
Project("{FAE04EC0-301F-11D3-BF4B-00C04F79EFBC}") = "MvcCake", "MvcCake\MvcCake.csproj", "{18656FA2-222F-415E-B40D-9A4C6F9559E9}"
EndProject
Global
	GlobalSection(SolutionConfigurationPlatforms) = preSolution
		Debug|Any CPU = Debug|Any CPU
		Release|Any CPU = Release|Any CPU
	EndGlobalSection
	GlobalSection(ProjectConfigurationPlatforms) = postSolution
		{18656FA2-222F-415E-B40D-9A4C6F9559E9}.Debug|Any CPU.ActiveCfg = Debug|Any CPU
		{18656FA2-222F-415E-B40D-9A4C6F9559E9}.Debug|Any CPU.Build.0 = Debug|Any CPU
		{18656FA2-222F-415E-B40D-9A4C6F9559E9}.Release|Any CPU.ActiveCfg = Release|Any CPU
		{18656FA2-222F-415E-B40D-9A4C6F9559E9}.Release|Any CPU.Build.0 = Release|Any CPU
	EndGlobalSection
	GlobalSection(SolutionProperties) = preSolution
		HideSolutionNode = FALSE
	EndGlobalSection
	GlobalSection(ExtensibilityGlobals) = postSolution
		SolutionGuid = {DE4AB9A8-418B-4EB5-9A58-CE28E8688359}
	EndGlobalSection
EndGlobal
